
Microsoft Visual Studio Solution File, Format Version 12.00
# Visual Studio Version 17
VisualStudioVersion = 17.14.36414.22 d17.14
MinimumVisualStudioVersion = 10.0.40219.1
Project("{FAE04EC0-301F-11D3-BF4B-00C04F79EFBC}") = "DPSMeter", "DPSMeter\DPSMeter.csproj", "{D49E7ED0-B0EB-4099-B14F-7678F8FE05AF}"
EndProject
Global
	GlobalSection(SolutionConfigurationPlatforms) = preSolution
		Debug|Any CPU = Debug|Any CPU
		Debug|x64 = Debug|x64
		Release|Any CPU = Release|Any CPU
		Release|x64 = Release|x64
	EndGlobalSection
	GlobalSection(ProjectConfigurationPlatforms) = postSolution
		{D49E7ED0-B0EB-4099-B14F-7678F8FE05AF}.Debug|Any CPU.ActiveCfg = Debug|Any CPU
		{D49E7ED0-B0EB-4099-B14F-7678F8FE05AF}.Debug|Any CPU.Build.0 = Debug|Any CPU
		{D49E7ED0-B0EB-4099-B14F-7678F8FE05AF}.Debug|x64.ActiveCfg = Debug|x64
		{D49E7ED0-B0EB-4099-B14F-7678F8FE05AF}.Debug|x64.Build.0 = Debug|x64
		{D49E7ED0-B0EB-4099-B14F-7678F8FE05AF}.Release|Any CPU.ActiveCfg = Release|Any CPU
		{D49E7ED0-B0EB-4099-B14F-7678F8FE05AF}.Release|Any CPU.Build.0 = Release|Any CPU
		{D49E7ED0-B0EB-4099-B14F-7678F8FE05AF}.Release|x64.ActiveCfg = Release|x64
		{D49E7ED0-B0EB-4099-B14F-7678F8FE05AF}.Release|x64.Build.0 = Release|x64
	EndGlobalSection
	GlobalSection(SolutionProperties) = preSolution
		HideSolutionNode = FALSE
	EndGlobalSection
	GlobalSection(ExtensibilityGlobals) = postSolution
		SolutionGuid = {DB2A8ED2-1B9F-467E-95B3-393B88EF14F1}
	EndGlobalSection
EndGlobal
